// !$*UTF8*$!
{
	archiveVersion = 1;
	classes = {
	};
	objectVersion = 50;
	objects = {

/* Begin PBXBuildFile section */
		487F36C54A2B1A9D966A0DFE /* Pods_ToDoList.framework in Frameworks */ = {isa = PBXBuildFile; fileRef = D060A02D4D911516D7A289B2 /* Pods_ToDoList.framework */; };
		CE03BB7A214F4BAA008DB397 /* TableViewCell.swift in Sources */ = {isa = PBXBuildFile; fileRef = CE03BB79214F4BAA008DB397 /* TableViewCell.swift */; };
		CE18B8FC214EE6BA00C81E41 /* TableViewController.swift in Sources */ = {isa = PBXBuildFile; fileRef = CE18B8FB214EE6BA00C81E41 /* TableViewController.swift */; };
		CE75CE6321751A2E007657C0 /* PLDBManager.swift in Sources */ = {isa = PBXBuildFile; fileRef = CE75CE6221751A2E007657C0 /* PLDBManager.swift */; };
		CE91D6A22157D13100DE16B4 /* CelliTem.swift in Sources */ = {isa = PBXBuildFile; fileRef = CE91D6A12157D13100DE16B4 /* CelliTem.swift */; };
		CEC5D363214EE16A0046FA92 /* AppDelegate.swift in Sources */ = {isa = PBXBuildFile; fileRef = CEC5D362214EE16A0046FA92 /* AppDelegate.swift */; };
		CEC5D368214EE16A0046FA92 /* Main.storyboard in Resources */ = {isa = PBXBuildFile; fileRef = CEC5D366214EE16A0046FA92 /* Main.storyboard */; };
		CEC5D36A214EE16B0046FA92 /* Assets.xcassets in Resources */ = {isa = PBXBuildFile; fileRef = CEC5D369214EE16B0046FA92 /* Assets.xcassets */; };
		CEC5D36D214EE16B0046FA92 /* LaunchScreen.storyboard in Resources */ = {isa = PBXBuildFile; fileRef = CEC5D36B214EE16B0046FA92 /* LaunchScreen.storyboard */; };
		CEE11AA12199552C001D6941 /* TalkToServer.swift in Sources */ = {isa = PBXBuildFile; fileRef = CEE11AA02199552C001D6941 /* TalkToServer.swift */; };
		CEE11AA321996ECC001D6941 /* TableDataModel.swift in Sources */ = {isa = PBXBuildFile; fileRef = CEE11AA221996ECC001D6941 /* TableDataModel.swift */; };
		CEE11AA6219A3B38001D6941 /* LoginPageVC.swift in Sources */ = {isa = PBXBuildFile; fileRef = CEE11AA5219A3B37001D6941 /* LoginPageVC.swift */; };
		CEE1C25621527580008EC374 /* CellManager.swift in Sources */ = {isa = PBXBuildFile; fileRef = CEE1C25521527580008EC374 /* CellManager.swift */; };
/* End PBXBuildFile section */

/* Begin PBXFileReference section */
		05D7A257BF68C5EF211E23DE /* Pods-ToDoList.release.xcconfig */ = {isa = PBXFileReference; includeInIndex = 1; lastKnownFileType = text.xcconfig; name = "Pods-ToDoList.release.xcconfig"; path = "Pods/Target Support Files/Pods-ToDoList/Pods-ToDoList.release.xcconfig"; sourceTree = "<group>"; };
		48928E3EEEFFBE1385D0C469 /* Pods-ToDoList.debug.xcconfig */ = {isa = PBXFileReference; includeInIndex = 1; lastKnownFileType = text.xcconfig; name = "Pods-ToDoList.debug.xcconfig"; path = "Pods/Target Support Files/Pods-ToDoList/Pods-ToDoList.debug.xcconfig"; sourceTree = "<group>"; };
		CE03BB79214F4BAA008DB397 /* TableViewCell.swift */ = {isa = PBXFileReference; lastKnownFileType = sourcecode.swift; path = TableViewCell.swift; sourceTree = "<group>"; };
		CE18B8FB214EE6BA00C81E41 /* TableViewController.swift */ = {isa = PBXFileReference; lastKnownFileType = sourcecode.swift; path = TableViewController.swift; sourceTree = "<group>"; };
		CE75CE6221751A2E007657C0 /* PLDBManager.swift */ = {isa = PBXFileReference; lastKnownFileType = sourcecode.swift; path = PLDBManager.swift; sourceTree = "<group>"; };
		CE91D6A12157D13100DE16B4 /* CelliTem.swift */ = {isa = PBXFileReference; lastKnownFileType = sourcecode.swift; path = CelliTem.swift; sourceTree = "<group>"; };
		CEC5D35F214EE16A0046FA92 /* ToDoList.app */ = {isa = PBXFileReference; explicitFileType = wrapper.application; includeInIndex = 0; path = ToDoList.app; sourceTree = BUILT_PRODUCTS_DIR; };
		CEC5D362214EE16A0046FA92 /* AppDelegate.swift */ = {isa = PBXFileReference; lastKnownFileType = sourcecode.swift; path = AppDelegate.swift; sourceTree = "<group>"; };
		CEC5D367214EE16A0046FA92 /* Base */ = {isa = PBXFileReference; lastKnownFileType = file.storyboard; name = Base; path = Base.lproj/Main.storyboard; sourceTree = "<group>"; };
		CEC5D369214EE16B0046FA92 /* Assets.xcassets */ = {isa = PBXFileReference; lastKnownFileType = folder.assetcatalog; path = Assets.xcassets; sourceTree = "<group>"; };
		CEC5D36C214EE16B0046FA92 /* Base */ = {isa = PBXFileReference; lastKnownFileType = file.storyboard; name = Base; path = Base.lproj/LaunchScreen.storyboard; sourceTree = "<group>"; };
		CEC5D36E214EE16B0046FA92 /* Info.plist */ = {isa = PBXFileReference; lastKnownFileType = text.plist.xml; path = Info.plist; sourceTree = "<group>"; };
		CEE11AA02199552C001D6941 /* TalkToServer.swift */ = {isa = PBXFileReference; lastKnownFileType = sourcecode.swift; path = TalkToServer.swift; sourceTree = "<group>"; };
		CEE11AA221996ECC001D6941 /* TableDataModel.swift */ = {isa = PBXFileReference; lastKnownFileType = sourcecode.swift; path = TableDataModel.swift; sourceTree = "<group>"; };
		CEE11AA5219A3B37001D6941 /* LoginPageVC.swift */ = {isa = PBXFileReference; lastKnownFileType = sourcecode.swift; path = LoginPageVC.swift; sourceTree = "<group>"; };
		CEE1C25521527580008EC374 /* CellManager.swift */ = {isa = PBXFileReference; lastKnownFileType = sourcecode.swift; path = CellManager.swift; sourceTree = "<group>"; };
		D060A02D4D911516D7A289B2 /* Pods_ToDoList.framework */ = {isa = PBXFileReference; explicitFileType = wrapper.framework; includeInIndex = 0; path = Pods_ToDoList.framework; sourceTree = BUILT_PRODUCTS_DIR; };
/* End PBXFileReference section */

/* Begin PBXFrameworksBuildPhase section */
		CEC5D35C214EE16A0046FA92 /* Frameworks */ = {
			isa = PBXFrameworksBuildPhase;
			buildActionMask = 2147483647;
			files = (
				487F36C54A2B1A9D966A0DFE /* Pods_ToDoList.framework in Frameworks */,
			);
			runOnlyForDeploymentPostprocessing = 0;
		};
/* End PBXFrameworksBuildPhase section */

/* Begin PBXGroup section */
		51841E161E3B7AB0B87EC450 /* Frameworks */ = {
			isa = PBXGroup;
			children = (
				D060A02D4D911516D7A289B2 /* Pods_ToDoList.framework */,
			);
			name = Frameworks;
			sourceTree = "<group>";
		};
		86B2BAF0D1A48DFB258B6FCF /* Pods */ = {
			isa = PBXGroup;
			children = (
				48928E3EEEFFBE1385D0C469 /* Pods-ToDoList.debug.xcconfig */,
				05D7A257BF68C5EF211E23DE /* Pods-ToDoList.release.xcconfig */,
			);
			name = Pods;
			sourceTree = "<group>";
		};
		CE91D69D2157D04300DE16B4 /* Data Model */ = {
			isa = PBXGroup;
			children = (
				CEE11AA221996ECC001D6941 /* TableDataModel.swift */,
				CE75CE6221751A2E007657C0 /* PLDBManager.swift */,
				CEE1C25521527580008EC374 /* CellManager.swift */,
				CE91D6A12157D13100DE16B4 /* CelliTem.swift */,
			);
			path = "Data Model";
			sourceTree = "<group>";
		};
		CE91D69E2157D05200DE16B4 /* Controllers */ = {
			isa = PBXGroup;
			children = (
				CE03BB79214F4BAA008DB397 /* TableViewCell.swift */,
				CE18B8FB214EE6BA00C81E41 /* TableViewController.swift */,
				CEE11AA5219A3B37001D6941 /* LoginPageVC.swift */,
			);
			path = Controllers;
			sourceTree = "<group>";
		};
		CE91D69F2157D05F00DE16B4 /* Views */ = {
			isa = PBXGroup;
			children = (
				CEC5D366214EE16A0046FA92 /* Main.storyboard */,
			);
			path = Views;
			sourceTree = "<group>";
		};
		CE91D6A02157D07400DE16B4 /* Supporting Files */ = {
			isa = PBXGroup;
			children = (
				CEC5D369214EE16B0046FA92 /* Assets.xcassets */,
				CEC5D36B214EE16B0046FA92 /* LaunchScreen.storyboard */,
			);
			path = "Supporting Files";
			sourceTree = "<group>";
		};
		CEC5D356214EE16A0046FA92 = {
			isa = PBXGroup;
			children = (
				CEC5D362214EE16A0046FA92 /* AppDelegate.swift */,
				CEC5D361214EE16A0046FA92 /* ToDoList */,
				CEC5D360214EE16A0046FA92 /* Products */,
				86B2BAF0D1A48DFB258B6FCF /* Pods */,
				51841E161E3B7AB0B87EC450 /* Frameworks */,
			);
			sourceTree = "<group>";
		};
		CEC5D360214EE16A0046FA92 /* Products */ = {
			isa = PBXGroup;
			children = (
				CEC5D35F214EE16A0046FA92 /* ToDoList.app */,
			);
			name = Products;
			sourceTree = "<group>";
		};
		CEC5D361214EE16A0046FA92 /* ToDoList */ = {
			isa = PBXGroup;
			children = (
				CEE11AA4219A3621001D6941 /* Connection */,
				CE91D69D2157D04300DE16B4 /* Data Model */,
				CE91D69F2157D05F00DE16B4 /* Views */,
				CE91D69E2157D05200DE16B4 /* Controllers */,
				CE91D6A02157D07400DE16B4 /* Supporting Files */,
				CEC5D36E214EE16B0046FA92 /* Info.plist */,
			);
			path = ToDoList;
			sourceTree = "<group>";
		};
		CEE11AA4219A3621001D6941 /* Connection */ = {
			isa = PBXGroup;
			children = (
				CEE11AA02199552C001D6941 /* TalkToServer.swift */,
			);
			path = Connection;
			sourceTree = "<group>";
		};
/* End PBXGroup section */

/* Begin PBXNativeTarget section */
		CEC5D35E214EE16A0046FA92 /* ToDoList */ = {
			isa = PBXNativeTarget;
			buildConfigurationList = CEC5D371214EE16B0046FA92 /* Build configuration list for PBXNativeTarget "ToDoList" */;
			buildPhases = (
				D907D8225E22A37DC09C1F00 /* [CP] Check Pods Manifest.lock */,
				CEC5D35B214EE16A0046FA92 /* Sources */,
				CEC5D35C214EE16A0046FA92 /* Frameworks */,
				CEC5D35D214EE16A0046FA92 /* Resources */,
				41E890E385E7DF1414277D5E /* [CP] Embed Pods Frameworks */,
			);
			buildRules = (
			);
			dependencies = (
			);
			name = ToDoList;
			productName = ToDoList;
			productReference = CEC5D35F214EE16A0046FA92 /* ToDoList.app */;
			productType = "com.apple.product-type.application";
		};
/* End PBXNativeTarget section */

/* Begin PBXProject section */
		CEC5D357214EE16A0046FA92 /* Project object */ = {
			isa = PBXProject;
			attributes = {
				LastSwiftUpdateCheck = 0940;
				LastUpgradeCheck = 0940;
				ORGANIZATIONNAME = MSadri;
				TargetAttributes = {
					CEC5D35E214EE16A0046FA92 = {
						CreatedOnToolsVersion = 9.4.1;
						LastSwiftMigration = 1000;
					};
				};
			};
			buildConfigurationList = CEC5D35A214EE16A0046FA92 /* Build configuration list for PBXProject "ToDoList" */;
			compatibilityVersion = "Xcode 9.3";
			developmentRegion = en;
			hasScannedForEncodings = 0;
			knownRegions = (
				en,
				Base,
			);
			mainGroup = CEC5D356214EE16A0046FA92;
			productRefGroup = CEC5D360214EE16A0046FA92 /* Products */;
			projectDirPath = "";
			projectRoot = "";
			targets = (
				CEC5D35E214EE16A0046FA92 /* ToDoList */,
			);
		};
/* End PBXProject section */

/* Begin PBXResourcesBuildPhase section */
		CEC5D35D214EE16A0046FA92 /* Resources */ = {
			isa = PBXResourcesBuildPhase;
			buildActionMask = 2147483647;
			files = (
				CEC5D36D214EE16B0046FA92 /* LaunchScreen.storyboard in Resources */,
				CEC5D36A214EE16B0046FA92 /* Assets.xcassets in Resources */,
				CEC5D368214EE16A0046FA92 /* Main.storyboard in Resources */,
			);
			runOnlyForDeploymentPostprocessing = 0;
		};
/* End PBXResourcesBuildPhase section */

/* Begin PBXShellScriptBuildPhase section */
		41E890E385E7DF1414277D5E /* [CP] Embed Pods Frameworks */ = {
			isa = PBXShellScriptBuildPhase;
			buildActionMask = 2147483647;
			files = (
			);
			inputPaths = (
				"${SRCROOT}/Pods/Target Support Files/Pods-ToDoList/Pods-ToDoList-frameworks.sh",
				"${BUILT_PRODUCTS_DIR}/Alamofire/Alamofire.framework",
				"${BUILT_PRODUCTS_DIR}/SwiftyJSON/SwiftyJSON.framework",
			);
			name = "[CP] Embed Pods Frameworks";
			outputPaths = (
				"${TARGET_BUILD_DIR}/${FRAMEWORKS_FOLDER_PATH}/Alamofire.framework",
				"${TARGET_BUILD_DIR}/${FRAMEWORKS_FOLDER_PATH}/SwiftyJSON.framework",
			);
			runOnlyForDeploymentPostprocessing = 0;
			shellPath = /bin/sh;
			shellScript = "\"${SRCROOT}/Pods/Target Support Files/Pods-ToDoList/Pods-ToDoList-frameworks.sh\"\n";
			showEnvVarsInLog = 0;
		};
		D907D8225E22A37DC09C1F00 /* [CP] Check Pods Manifest.lock */ = {
			isa = PBXShellScriptBuildPhase;
			buildActionMask = 2147483647;
			files = (
			);
			inputPaths = (
				"${PODS_PODFILE_DIR_PATH}/Podfile.lock",
				"${PODS_ROOT}/Manifest.lock",
			);
			name = "[CP] Check Pods Manifest.lock";
			outputPaths = (
				"$(DERIVED_FILE_DIR)/Pods-ToDoList-checkManifestLockResult.txt",
			);
			runOnlyForDeploymentPostprocessing = 0;
			shellPath = /bin/sh;
			shellScript = "diff \"${PODS_PODFILE_DIR_PATH}/Podfile.lock\" \"${PODS_ROOT}/Manifest.lock\" > /dev/null\nif [ $? != 0 ] ; then\n    # print error to STDERR\n    echo \"error: The sandbox is not in sync with the Podfile.lock. Run 'pod install' or update your CocoaPods installation.\" >&2\n    exit 1\nfi\n# This output is used by Xcode 'outputs' to avoid re-running this script phase.\necho \"SUCCESS\" > \"${SCRIPT_OUTPUT_FILE_0}\"\n";
			showEnvVarsInLog = 0;
		};
/* End PBXShellScriptBuildPhase section */

/* Begin PBXSourcesBuildPhase section */
		CEC5D35B214EE16A0046FA92 /* Sources */ = {
			isa = PBXSourcesBuildPhase;
			buildActionMask = 2147483647;
			files = (
				CE03BB7A214F4BAA008DB397 /* TableViewCell.swift in Sources */,
				CE75CE6321751A2E007657C0 /* PLDBManager.swift in Sources */,
				CEE11AA321996ECC001D6941 /* TableDataModel.swift in Sources */,
				CEE11AA12199552C001D6941 /* TalkToServer.swift in Sources */,
				CEE1C25621527580008EC374 /* CellManager.swift in Sources */,
				CEC5D363214EE16A0046FA92 /* AppDelegate.swift in Sources */,
				CE91D6A22157D13100DE16B4 /* CelliTem.swift in Sources */,
				CE18B8FC214EE6BA00C81E41 /* TableViewController.swift in Sources */,
				CEE11AA6219A3B38001D6941 /* LoginPageVC.swift in Sources */,
			);
			runOnlyForDeploymentPostprocessing = 0;
		};
/* End PBXSourcesBuildPhase section */

/* Begin PBXVariantGroup section */
		CEC5D366214EE16A0046FA92 /* Main.storyboard */ = {
			isa = PBXVariantGroup;
			children = (
				CEC5D367214EE16A0046FA92 /* Base */,
			);
			name = Main.storyboard;
			sourceTree = "<group>";
		};
		CEC5D36B214EE16B0046FA92 /* LaunchScreen.storyboard */ = {
			isa = PBXVariantGroup;
			children = (
				CEC5D36C214EE16B0046FA92 /* Base */,
			);
			name = LaunchScreen.storyboard;
			sourceTree = "<group>";
		};
/* End PBXVariantGroup section */

/* Begin XCBuildConfiguration section */
		CEC5D36F214EE16B0046FA92 /* Debug */ = {
			isa = XCBuildConfiguration;
			buildSettings = {
				ALWAYS_SEARCH_USER_PATHS = NO;
				CLANG_ANALYZER_NONNULL = YES;
				CLANG_ANALYZER_NUMBER_OBJECT_CONVERSION = YES_AGGRESSIVE;
				CLANG_CXX_LANGUAGE_STANDARD = "gnu++14";
				CLANG_CXX_LIBRARY = "libc++";
				CLANG_ENABLE_MODULES = YES;
				CLANG_ENABLE_OBJC_ARC = YES;
				CLANG_ENABLE_OBJC_WEAK = YES;
				CLANG_WARN_BLOCK_CAPTURE_AUTORELEASING = YES;
				CLANG_WARN_BOOL_CONVERSION = YES;
				CLANG_WARN_COMMA = YES;
				CLANG_WARN_CONSTANT_CONVERSION = YES;
				CLANG_WARN_DEPRECATED_OBJC_IMPLEMENTATIONS = YES;
				CLANG_WARN_DIRECT_OBJC_ISA_USAGE = YES_ERROR;
				CLANG_WARN_DOCUMENTATION_COMMENTS = YES;
				CLANG_WARN_EMPTY_BODY = YES;
				CLANG_WARN_ENUM_CONVERSION = YES;
				CLANG_WARN_INFINITE_RECURSION = YES;
				CLANG_WARN_INT_CONVERSION = YES;
				CLANG_WARN_NON_LITERAL_NULL_CONVERSION = YES;
				CLANG_WARN_OBJC_IMPLICIT_RETAIN_SELF = YES;
				CLANG_WARN_OBJC_LITERAL_CONVERSION = YES;
				CLANG_WARN_OBJC_ROOT_CLASS = YES_ERROR;
				CLANG_WARN_RANGE_LOOP_ANALYSIS = YES;
				CLANG_WARN_STRICT_PROTOTYPES = YES;
				CLANG_WARN_SUSPICIOUS_MOVE = YES;
				CLANG_WARN_UNGUARDED_AVAILABILITY = YES_AGGRESSIVE;
				CLANG_WARN_UNREACHABLE_CODE = YES;
				CLANG_WARN__DUPLICATE_METHOD_MATCH = YES;
				CODE_SIGN_IDENTITY = "iPhone Developer";
				COPY_PHASE_STRIP = NO;
				DEBUG_INFORMATION_FORMAT = dwarf;
				ENABLE_STRICT_OBJC_MSGSEND = YES;
				ENABLE_TESTABILITY = YES;
				GCC_C_LANGUAGE_STANDARD = gnu11;
				GCC_DYNAMIC_NO_PIC = NO;
				GCC_NO_COMMON_BLOCKS = YES;
				GCC_OPTIMIZATION_LEVEL = 0;
				GCC_PREPROCESSOR_DEFINITIONS = (
					"DEBUG=1",
					"$(inherited)",
				);
				GCC_WARN_64_TO_32_BIT_CONVERSION = YES;
				GCC_WARN_ABOUT_RETURN_TYPE = YES_ERROR;
				GCC_WARN_UNDECLARED_SELECTOR = YES;
				GCC_WARN_UNINITIALIZED_AUTOS = YES_AGGRESSIVE;
				GCC_WARN_UNUSED_FUNCTION = YES;
				GCC_WARN_UNUSED_VARIABLE = YES;
				IPHONEOS_DEPLOYMENT_TARGET = 11.4;
				MTL_ENABLE_DEBUG_INFO = YES;
				ONLY_ACTIVE_ARCH = YES;
				SDKROOT = iphoneos;
				SWIFT_ACTIVE_COMPILATION_CONDITIONS = DEBUG;
				SWIFT_OPTIMIZATION_LEVEL = "-Onone";
			};
			name = Debug;
		};
		CEC5D370214EE16B0046FA92 /* Release */ = {
			isa = XCBuildConfiguration;
			buildSettings = {
				ALWAYS_SEARCH_USER_PATHS = NO;
				CLANG_ANALYZER_NONNULL = YES;
				CLANG_ANALYZER_NUMBER_OBJECT_CONVERSION = YES_AGGRESSIVE;
				CLANG_CXX_LANGUAGE_STANDARD = "gnu++14";
				CLANG_CXX_LIBRARY = "libc++";
				CLANG_ENABLE_MODULES = YES;
				CLANG_ENABLE_OBJC_ARC = YES;
				CLANG_ENABLE_OBJC_WEAK = YES;
				CLANG_WARN_BLOCK_CAPTURE_AUTORELEASING = YES;
				CLANG_WARN_BOOL_CONVERSION = YES;
				CLANG_WARN_COMMA = YES;
				CLANG_WARN_CONSTANT_CONVERSION = YES;
				CLANG_WARN_DEPRECATED_OBJC_IMPLEMENTATIONS = YES;
				CLANG_WARN_DIRECT_OBJC_ISA_USAGE = YES_ERROR;
				CLANG_WARN_DOCUMENTATION_COMMENTS = YES;
				CLANG_WARN_EMPTY_BODY = YES;
				CLANG_WARN_ENUM_CONVERSION = YES;
				CLANG_WARN_INFINITE_RECURSION = YES;
				CLANG_WARN_INT_CONVERSION = YES;
				CLANG_WARN_NON_LITERAL_NULL_CONVERSION = YES;
				CLANG_WARN_OBJC_IMPLICIT_RETAIN_SELF = YES;
				CLANG_WARN_OBJC_LITERAL_CONVERSION = YES;
				CLANG_WARN_OBJC_ROOT_CLASS = YES_ERROR;
				CLANG_WARN_RANGE_LOOP_ANALYSIS = YES;
				CLANG_WARN_STRICT_PROTOTYPES = YES;
				CLANG_WARN_SUSPICIOUS_MOVE = YES;
				CLANG_WARN_UNGUARDED_AVAILABILITY = YES_AGGRESSIVE;
				CLANG_WARN_UNREACHABLE_CODE = YES;
				CLANG_WARN__DUPLICATE_METHOD_MATCH = YES;
				CODE_SIGN_IDENTITY = "iPhone Developer";
				COPY_PHASE_STRIP = NO;
				DEBUG_INFORMATION_FORMAT = "dwarf-with-dsym";
				ENABLE_NS_ASSERTIONS = NO;
				ENABLE_STRICT_OBJC_MSGSEND = YES;
				GCC_C_LANGUAGE_STANDARD = gnu11;
				GCC_NO_COMMON_BLOCKS = YES;
				GCC_WARN_64_TO_32_BIT_CONVERSION = YES;
				GCC_WARN_ABOUT_RETURN_TYPE = YES_ERROR;
				GCC_WARN_UNDECLARED_SELECTOR = YES;
				GCC_WARN_UNINITIALIZED_AUTOS = YES_AGGRESSIVE;
				GCC_WARN_UNUSED_FUNCTION = YES;
				GCC_WARN_UNUSED_VARIABLE = YES;
				IPHONEOS_DEPLOYMENT_TARGET = 11.4;
				MTL_ENABLE_DEBUG_INFO = NO;
				SDKROOT = iphoneos;
				SWIFT_COMPILATION_MODE = wholemodule;
				SWIFT_OPTIMIZATION_LEVEL = "-O";
				VALIDATE_PRODUCT = YES;
			};
			name = Release;
		};
		CEC5D372214EE16B0046FA92 /* Debug */ = {
			isa = XCBuildConfiguration;
			baseConfigurationReference = 48928E3EEEFFBE1385D0C469 /* Pods-ToDoList.debug.xcconfig */;
			buildSettings = {
				ASSETCATALOG_COMPILER_APPICON_NAME = AppIcon;
				CODE_SIGN_STYLE = Automatic;
				DEVELOPMENT_TEAM = G5XAELWWR7;
				INFOPLIST_FILE = ToDoList/Info.plist;
				LD_RUNPATH_SEARCH_PATHS = (
					"$(inherited)",
					"@executable_path/Frameworks",
				);
				PRODUCT_BUNDLE_IDENTIFIER = Com.LaitecByMasih.ToDoList;
				PRODUCT_NAME = "$(TARGET_NAME)";
				SWIFT_VERSION = 4.2;
				TARGETED_DEVICE_FAMILY = "1,2";
			};
			name = Debug;
		};
		CEC5D373214EE16B0046FA92 /* Release */ = {
			isa = XCBuildConfiguration;
			baseConfigurationReference = 05D7A257BF68C5EF211E23DE /* Pods-ToDoList.release.xcconfig */;
			buildSettings = {
				ASSETCATALOG_COMPILER_APPICON_NAME = AppIcon;
				CODE_SIGN_STYLE = Automatic;
				DEVELOPMENT_TEAM = G5XAELWWR7;
				INFOPLIST_FILE = ToDoList/Info.plist;
				LD_RUNPATH_SEARCH_PATHS = (
					"$(inherited)",
					"@executable_path/Frameworks",
				);
				PRODUCT_BUNDLE_IDENTIFIER = Com.LaitecByMasih.ToDoList;
				PRODUCT_NAME = "$(TARGET_NAME)";
				SWIFT_VERSION = 4.2;
				TARGETED_DEVICE_FAMILY = "1,2";
			};
			name = Release;
		};
/* End XCBuildConfiguration section */

/* Begin XCConfigurationList section */
		CEC5D35A214EE16A0046FA92 /* Build configuration list for PBXProject "ToDoList" */ = {
			isa = XCConfigurationList;
			buildConfigurations = (
				CEC5D36F214EE16B0046FA92 /* Debug */,
				CEC5D370214EE16B0046FA92 /* Release */,
			);
			defaultConfigurationIsVisible = 0;
			defaultConfigurationName = Release;
		};
		CEC5D371214EE16B0046FA92 /* Build configuration list for PBXNativeTarget "ToDoList" */ = {
			isa = XCConfigurationList;
			buildConfigurations = (
				CEC5D372214EE16B0046FA92 /* Debug */,
				CEC5D373214EE16B0046FA92 /* Release */,
			);
			defaultConfigurationIsVisible = 0;
			defaultConfigurationName = Release;
		};
/* End XCConfigurationList section */
	};
	rootObject = CEC5D357214EE16A0046FA92 /* Project object */;
}
